
Microsoft Visual Studio Solution File, Format Version 12.00
# Visual Studio 15
VisualStudioVersion = 15.0.27703.2000
MinimumVisualStudioVersion = 10.0.40219.1
Project("{FAE04EC0-301F-11D3-BF4B-00C04F79EFBC}") = "21-PartyIndicator", "21-PartyIndicator\21-PartyIndicator.csproj", "{477F168B-70DA-45D6-8F5F-F34EBD1E2B34}"
EndProject
Global
	GlobalSection(SolutionConfigurationPlatforms) = preSolution
		Debug|Any CPU = Debug|Any CPU
		Release|Any CPU = Release|Any CPU
	EndGlobalSection
	GlobalSection(ProjectConfigurationPlatforms) = postSolution
		{477F168B-70DA-45D6-8F5F-F34EBD1E2B34}.Debug|Any CPU.ActiveCfg = Debug|Any CPU
		{477F168B-70DA-45D6-8F5F-F34EBD1E2B34}.Debug|Any CPU.Build.0 = Debug|Any CPU
		{477F168B-70DA-45D6-8F5F-F34EBD1E2B34}.Release|Any CPU.ActiveCfg = Release|Any CPU
		{477F168B-70DA-45D6-8F5F-F34EBD1E2B34}.Release|Any CPU.Build.0 = Release|Any CPU
	EndGlobalSection
	GlobalSection(SolutionProperties) = preSolution
		HideSolutionNode = FALSE
	EndGlobalSection
	GlobalSection(ExtensibilityGlobals) = postSolution
		SolutionGuid = {87A90CAC-C86D-4EE5-A1F7-49A16105F997}
	EndGlobalSection
EndGlobal
