
Microsoft Visual Studio Solution File, Format Version 12.00
# Visual Studio 15
VisualStudioVersion = 15.0.27703.2000
MinimumVisualStudioVersion = 10.0.40219.1
Project("{FAE04EC0-301F-11D3-BF4B-00C04F79EFBC}") = "E01_Groot", "E01_Groot\E01_Groot.csproj", "{C7CA6A8A-0382-4FC7-952B-E08F989163DC}"
EndProject
Project("{FAE04EC0-301F-11D3-BF4B-00C04F79EFBC}") = "IntegrationTests", "IntegrationTests\IntegrationTests.csproj", "{EBB8DB48-0C6D-4A0B-8B1C-391E02344E5C}"
EndProject
Global
	GlobalSection(SolutionConfigurationPlatforms) = preSolution
		Debug|Any CPU = Debug|Any CPU
		Release|Any CPU = Release|Any CPU
	EndGlobalSection
	GlobalSection(ProjectConfigurationPlatforms) = postSolution
		{C7CA6A8A-0382-4FC7-952B-E08F989163DC}.Debug|Any CPU.ActiveCfg = Debug|Any CPU
		{C7CA6A8A-0382-4FC7-952B-E08F989163DC}.Debug|Any CPU.Build.0 = Debug|Any CPU
		{C7CA6A8A-0382-4FC7-952B-E08F989163DC}.Release|Any CPU.ActiveCfg = Release|Any CPU
		{C7CA6A8A-0382-4FC7-952B-E08F989163DC}.Release|Any CPU.Build.0 = Release|Any CPU
		{EBB8DB48-0C6D-4A0B-8B1C-391E02344E5C}.Debug|Any CPU.ActiveCfg = Debug|Any CPU
		{EBB8DB48-0C6D-4A0B-8B1C-391E02344E5C}.Debug|Any CPU.Build.0 = Debug|Any CPU
		{EBB8DB48-0C6D-4A0B-8B1C-391E02344E5C}.Release|Any CPU.ActiveCfg = Release|Any CPU
		{EBB8DB48-0C6D-4A0B-8B1C-391E02344E5C}.Release|Any CPU.Build.0 = Release|Any CPU
	EndGlobalSection
	GlobalSection(SolutionProperties) = preSolution
		HideSolutionNode = FALSE
	EndGlobalSection
	GlobalSection(ExtensibilityGlobals) = postSolution
		SolutionGuid = {49CC5251-AB2E-4852-B0BC-2F2431F2C6F0}
	EndGlobalSection
EndGlobal
