
Microsoft Visual Studio Solution File, Format Version 12.00
# Visual Studio 15
VisualStudioVersion = 15.0.27703.2000
MinimumVisualStudioVersion = 10.0.40219.1
Project("{FAE04EC0-301F-11D3-BF4B-00C04F79EFBC}") = "Todo-app rework", "Todo-app rework\Todo-app rework.csproj", "{D5558F49-7C8A-45F0-99ED-30742600905A}"
EndProject
Global
	GlobalSection(SolutionConfigurationPlatforms) = preSolution
		Debug|Any CPU = Debug|Any CPU
		Release|Any CPU = Release|Any CPU
	EndGlobalSection
	GlobalSection(ProjectConfigurationPlatforms) = postSolution
		{D5558F49-7C8A-45F0-99ED-30742600905A}.Debug|Any CPU.ActiveCfg = Debug|Any CPU
		{D5558F49-7C8A-45F0-99ED-30742600905A}.Debug|Any CPU.Build.0 = Debug|Any CPU
		{D5558F49-7C8A-45F0-99ED-30742600905A}.Release|Any CPU.ActiveCfg = Release|Any CPU
		{D5558F49-7C8A-45F0-99ED-30742600905A}.Release|Any CPU.Build.0 = Release|Any CPU
	EndGlobalSection
	GlobalSection(SolutionProperties) = preSolution
		HideSolutionNode = FALSE
	EndGlobalSection
	GlobalSection(ExtensibilityGlobals) = postSolution
		SolutionGuid = {8B92019C-88B6-4151-9D8F-8E24FE3917EA}
	EndGlobalSection
EndGlobal
