
Microsoft Visual Studio Solution File, Format Version 12.00
# Visual Studio 15
VisualStudioVersion = 15.0.27703.2000
MinimumVisualStudioVersion = 10.0.40219.1
Project("{FAE04EC0-301F-11D3-BF4B-00C04F79EFBC}") = "Practice-04-WriteSingleLine", "Practice-04-WriteSingleLine\Practice-04-WriteSingleLine.csproj", "{93CF8B65-1BBE-4799-BC40-83100BD38F8B}"
EndProject
Global
	GlobalSection(SolutionConfigurationPlatforms) = preSolution
		Debug|Any CPU = Debug|Any CPU
		Release|Any CPU = Release|Any CPU
	EndGlobalSection
	GlobalSection(ProjectConfigurationPlatforms) = postSolution
		{93CF8B65-1BBE-4799-BC40-83100BD38F8B}.Debug|Any CPU.ActiveCfg = Debug|Any CPU
		{93CF8B65-1BBE-4799-BC40-83100BD38F8B}.Debug|Any CPU.Build.0 = Debug|Any CPU
		{93CF8B65-1BBE-4799-BC40-83100BD38F8B}.Release|Any CPU.ActiveCfg = Release|Any CPU
		{93CF8B65-1BBE-4799-BC40-83100BD38F8B}.Release|Any CPU.Build.0 = Release|Any CPU
	EndGlobalSection
	GlobalSection(SolutionProperties) = preSolution
		HideSolutionNode = FALSE
	EndGlobalSection
	GlobalSection(ExtensibilityGlobals) = postSolution
		SolutionGuid = {06C17C0B-5C7A-4CC7-9922-06AF018F79C0}
	EndGlobalSection
EndGlobal
