
Microsoft Visual Studio Solution File, Format Version 12.00
# Visual Studio 15
VisualStudioVersion = 15.0.27703.2000
MinimumVisualStudioVersion = 10.0.40219.1
Project("{FAE04EC0-301F-11D3-BF4B-00C04F79EFBC}") = "PrintElements", "PrintElements\PrintElements.csproj", "{89FEB70F-9EB4-495F-A11D-1049795AFE74}"
EndProject
Global
	GlobalSection(SolutionConfigurationPlatforms) = preSolution
		Debug|Any CPU = Debug|Any CPU
		Release|Any CPU = Release|Any CPU
	EndGlobalSection
	GlobalSection(ProjectConfigurationPlatforms) = postSolution
		{89FEB70F-9EB4-495F-A11D-1049795AFE74}.Debug|Any CPU.ActiveCfg = Debug|Any CPU
		{89FEB70F-9EB4-495F-A11D-1049795AFE74}.Debug|Any CPU.Build.0 = Debug|Any CPU
		{89FEB70F-9EB4-495F-A11D-1049795AFE74}.Release|Any CPU.ActiveCfg = Release|Any CPU
		{89FEB70F-9EB4-495F-A11D-1049795AFE74}.Release|Any CPU.Build.0 = Release|Any CPU
	EndGlobalSection
	GlobalSection(SolutionProperties) = preSolution
		HideSolutionNode = FALSE
	EndGlobalSection
	GlobalSection(ExtensibilityGlobals) = postSolution
		SolutionGuid = {9366F631-94B3-410A-8923-9CF5C197C283}
	EndGlobalSection
EndGlobal
