
Microsoft Visual Studio Solution File, Format Version 12.00
# Visual Studio 15
VisualStudioVersion = 15.0.27703.2000
MinimumVisualStudioVersion = 10.0.40219.1
Project("{FAE04EC0-301F-11D3-BF4B-00C04F79EFBC}") = "16-AnimalsAndLegs", "16-AnimalsAndLegs\16-AnimalsAndLegs.csproj", "{86AFB6BB-D2FF-4738-B894-0B9D9B484BB3}"
EndProject
Global
	GlobalSection(SolutionConfigurationPlatforms) = preSolution
		Debug|Any CPU = Debug|Any CPU
		Release|Any CPU = Release|Any CPU
	EndGlobalSection
	GlobalSection(ProjectConfigurationPlatforms) = postSolution
		{86AFB6BB-D2FF-4738-B894-0B9D9B484BB3}.Debug|Any CPU.ActiveCfg = Debug|Any CPU
		{86AFB6BB-D2FF-4738-B894-0B9D9B484BB3}.Debug|Any CPU.Build.0 = Debug|Any CPU
		{86AFB6BB-D2FF-4738-B894-0B9D9B484BB3}.Release|Any CPU.ActiveCfg = Release|Any CPU
		{86AFB6BB-D2FF-4738-B894-0B9D9B484BB3}.Release|Any CPU.Build.0 = Release|Any CPU
	EndGlobalSection
	GlobalSection(SolutionProperties) = preSolution
		HideSolutionNode = FALSE
	EndGlobalSection
	GlobalSection(ExtensibilityGlobals) = postSolution
		SolutionGuid = {A4654F7E-1AF7-4FA2-B287-A9B7675A5B9E}
	EndGlobalSection
EndGlobal
