
Microsoft Visual Studio Solution File, Format Version 12.00
# Visual Studio 15
VisualStudioVersion = 15.0.27703.2000
MinimumVisualStudioVersion = 10.0.40219.1
Project("{FAE04EC0-301F-11D3-BF4B-00C04F79EFBC}") = "35-ChessTable", "35-ChessTable\35-ChessTable.csproj", "{901EED08-F9A8-4CB7-A06C-185F73A7E9BD}"
EndProject
Global
	GlobalSection(SolutionConfigurationPlatforms) = preSolution
		Debug|Any CPU = Debug|Any CPU
		Release|Any CPU = Release|Any CPU
	EndGlobalSection
	GlobalSection(ProjectConfigurationPlatforms) = postSolution
		{901EED08-F9A8-4CB7-A06C-185F73A7E9BD}.Debug|Any CPU.ActiveCfg = Debug|Any CPU
		{901EED08-F9A8-4CB7-A06C-185F73A7E9BD}.Debug|Any CPU.Build.0 = Debug|Any CPU
		{901EED08-F9A8-4CB7-A06C-185F73A7E9BD}.Release|Any CPU.ActiveCfg = Release|Any CPU
		{901EED08-F9A8-4CB7-A06C-185F73A7E9BD}.Release|Any CPU.Build.0 = Release|Any CPU
	EndGlobalSection
	GlobalSection(SolutionProperties) = preSolution
		HideSolutionNode = FALSE
	EndGlobalSection
	GlobalSection(ExtensibilityGlobals) = postSolution
		SolutionGuid = {ACE15E1C-9859-4751-B6B5-8456E826A4E3}
	EndGlobalSection
EndGlobal
