
Microsoft Visual Studio Solution File, Format Version 12.00
# Visual Studio 15
VisualStudioVersion = 15.0.27703.2000
MinimumVisualStudioVersion = 10.0.40219.1
Project("{FAE04EC0-301F-11D3-BF4B-00C04F79EFBC}") = "08-Swap", "08-Swap\08-Swap.csproj", "{E7F996F4-8C3F-4A03-BE37-A7B50A37E751}"
EndProject
Global
	GlobalSection(SolutionConfigurationPlatforms) = preSolution
		Debug|Any CPU = Debug|Any CPU
		Release|Any CPU = Release|Any CPU
	EndGlobalSection
	GlobalSection(ProjectConfigurationPlatforms) = postSolution
		{E7F996F4-8C3F-4A03-BE37-A7B50A37E751}.Debug|Any CPU.ActiveCfg = Debug|Any CPU
		{E7F996F4-8C3F-4A03-BE37-A7B50A37E751}.Debug|Any CPU.Build.0 = Debug|Any CPU
		{E7F996F4-8C3F-4A03-BE37-A7B50A37E751}.Release|Any CPU.ActiveCfg = Release|Any CPU
		{E7F996F4-8C3F-4A03-BE37-A7B50A37E751}.Release|Any CPU.Build.0 = Release|Any CPU
	EndGlobalSection
	GlobalSection(SolutionProperties) = preSolution
		HideSolutionNode = FALSE
	EndGlobalSection
	GlobalSection(ExtensibilityGlobals) = postSolution
		SolutionGuid = {54FA89BF-943A-489A-B11E-A80A6B2CD2B9}
	EndGlobalSection
EndGlobal
