
Microsoft Visual Studio Solution File, Format Version 12.00
# Visual Studio 15
VisualStudioVersion = 15.0.27703.2000
MinimumVisualStudioVersion = 10.0.40219.1
Project("{FAE04EC0-301F-11D3-BF4B-00C04F79EFBC}") = "02-NumberAdder", "02-NumberAdder\02-NumberAdder.csproj", "{E3FFD8CD-16EA-4B42-B61C-D5BEAB7AC189}"
EndProject
Global
	GlobalSection(SolutionConfigurationPlatforms) = preSolution
		Debug|Any CPU = Debug|Any CPU
		Release|Any CPU = Release|Any CPU
	EndGlobalSection
	GlobalSection(ProjectConfigurationPlatforms) = postSolution
		{E3FFD8CD-16EA-4B42-B61C-D5BEAB7AC189}.Debug|Any CPU.ActiveCfg = Debug|Any CPU
		{E3FFD8CD-16EA-4B42-B61C-D5BEAB7AC189}.Debug|Any CPU.Build.0 = Debug|Any CPU
		{E3FFD8CD-16EA-4B42-B61C-D5BEAB7AC189}.Release|Any CPU.ActiveCfg = Release|Any CPU
		{E3FFD8CD-16EA-4B42-B61C-D5BEAB7AC189}.Release|Any CPU.Build.0 = Release|Any CPU
	EndGlobalSection
	GlobalSection(SolutionProperties) = preSolution
		HideSolutionNode = FALSE
	EndGlobalSection
	GlobalSection(ExtensibilityGlobals) = postSolution
		SolutionGuid = {53C7AC1A-B736-4A74-A381-C2A6AAB9160C}
	EndGlobalSection
EndGlobal
