
Microsoft Visual Studio Solution File, Format Version 12.00
# Visual Studio 15
VisualStudioVersion = 15.0.27703.2000
MinimumVisualStudioVersion = 10.0.40219.1
Project("{FAE04EC0-301F-11D3-BF4B-00C04F79EFBC}") = "02-AbstrClass-01-Instruments", "02-AbstrClass-01-Instruments\02-AbstrClass-01-Instruments.csproj", "{EF1DB85B-3A6D-4F31-8FF9-AE9D6CCBC96A}"
EndProject
Global
	GlobalSection(SolutionConfigurationPlatforms) = preSolution
		Debug|Any CPU = Debug|Any CPU
		Release|Any CPU = Release|Any CPU
	EndGlobalSection
	GlobalSection(ProjectConfigurationPlatforms) = postSolution
		{EF1DB85B-3A6D-4F31-8FF9-AE9D6CCBC96A}.Debug|Any CPU.ActiveCfg = Debug|Any CPU
		{EF1DB85B-3A6D-4F31-8FF9-AE9D6CCBC96A}.Debug|Any CPU.Build.0 = Debug|Any CPU
		{EF1DB85B-3A6D-4F31-8FF9-AE9D6CCBC96A}.Release|Any CPU.ActiveCfg = Release|Any CPU
		{EF1DB85B-3A6D-4F31-8FF9-AE9D6CCBC96A}.Release|Any CPU.Build.0 = Release|Any CPU
	EndGlobalSection
	GlobalSection(SolutionProperties) = preSolution
		HideSolutionNode = FALSE
	EndGlobalSection
	GlobalSection(ExtensibilityGlobals) = postSolution
		SolutionGuid = {BC447911-963E-438A-80A7-2B724D5A18F8}
	EndGlobalSection
EndGlobal
