
Microsoft Visual Studio Solution File, Format Version 12.00
# Visual Studio 15
VisualStudioVersion = 15.0.27703.2000
MinimumVisualStudioVersion = 10.0.40219.1
Project("{FAE04EC0-301F-11D3-BF4B-00C04F79EFBC}") = "09-BMI", "09-BMI\09-BMI.csproj", "{42839391-042A-425C-A137-835B384B3E93}"
EndProject
Global
	GlobalSection(SolutionConfigurationPlatforms) = preSolution
		Debug|Any CPU = Debug|Any CPU
		Release|Any CPU = Release|Any CPU
	EndGlobalSection
	GlobalSection(ProjectConfigurationPlatforms) = postSolution
		{42839391-042A-425C-A137-835B384B3E93}.Debug|Any CPU.ActiveCfg = Debug|Any CPU
		{42839391-042A-425C-A137-835B384B3E93}.Debug|Any CPU.Build.0 = Debug|Any CPU
		{42839391-042A-425C-A137-835B384B3E93}.Release|Any CPU.ActiveCfg = Release|Any CPU
		{42839391-042A-425C-A137-835B384B3E93}.Release|Any CPU.Build.0 = Release|Any CPU
	EndGlobalSection
	GlobalSection(SolutionProperties) = preSolution
		HideSolutionNode = FALSE
	EndGlobalSection
	GlobalSection(ExtensibilityGlobals) = postSolution
		SolutionGuid = {CB7CC9DE-5520-4BE7-833F-A96881E4317B}
	EndGlobalSection
EndGlobal
