
Microsoft Visual Studio Solution File, Format Version 12.00
# Visual Studio 15
VisualStudioVersion = 15.0.27703.2000
MinimumVisualStudioVersion = 10.0.40219.1
Project("{FAE04EC0-301F-11D3-BF4B-00C04F79EFBC}") = "01-Interface-01-Cloneable", "01-Interface-01-Cloneable\01-Interface-01-Cloneable.csproj", "{0B12E319-8A26-4C8B-A881-600B0AA63631}"
EndProject
Global
	GlobalSection(SolutionConfigurationPlatforms) = preSolution
		Debug|Any CPU = Debug|Any CPU
		Release|Any CPU = Release|Any CPU
	EndGlobalSection
	GlobalSection(ProjectConfigurationPlatforms) = postSolution
		{0B12E319-8A26-4C8B-A881-600B0AA63631}.Debug|Any CPU.ActiveCfg = Debug|Any CPU
		{0B12E319-8A26-4C8B-A881-600B0AA63631}.Debug|Any CPU.Build.0 = Debug|Any CPU
		{0B12E319-8A26-4C8B-A881-600B0AA63631}.Release|Any CPU.ActiveCfg = Release|Any CPU
		{0B12E319-8A26-4C8B-A881-600B0AA63631}.Release|Any CPU.Build.0 = Release|Any CPU
	EndGlobalSection
	GlobalSection(SolutionProperties) = preSolution
		HideSolutionNode = FALSE
	EndGlobalSection
	GlobalSection(ExtensibilityGlobals) = postSolution
		SolutionGuid = {82E2DB2C-7298-4F76-B100-4AA9BD1B19AD}
	EndGlobalSection
EndGlobal
