
Microsoft Visual Studio Solution File, Format Version 12.00
# Visual Studio 15
VisualStudioVersion = 15.0.27703.2000
MinimumVisualStudioVersion = 10.0.40219.1
Project("{FAE04EC0-301F-11D3-BF4B-00C04F79EFBC}") = "ConsoleProj_w01d04", "ConsoleProj_w01d04\ConsoleProj_w01d04.csproj", "{89893418-9C4B-4834-AC2C-3D4EAFC5D7A0}"
EndProject
Global
	GlobalSection(SolutionConfigurationPlatforms) = preSolution
		Debug|Any CPU = Debug|Any CPU
		Release|Any CPU = Release|Any CPU
	EndGlobalSection
	GlobalSection(ProjectConfigurationPlatforms) = postSolution
		{89893418-9C4B-4834-AC2C-3D4EAFC5D7A0}.Debug|Any CPU.ActiveCfg = Debug|Any CPU
		{89893418-9C4B-4834-AC2C-3D4EAFC5D7A0}.Debug|Any CPU.Build.0 = Debug|Any CPU
		{89893418-9C4B-4834-AC2C-3D4EAFC5D7A0}.Release|Any CPU.ActiveCfg = Release|Any CPU
		{89893418-9C4B-4834-AC2C-3D4EAFC5D7A0}.Release|Any CPU.Build.0 = Release|Any CPU
	EndGlobalSection
	GlobalSection(SolutionProperties) = preSolution
		HideSolutionNode = FALSE
	EndGlobalSection
	GlobalSection(ExtensibilityGlobals) = postSolution
		SolutionGuid = {FABB4171-BF4D-4557-86BA-531CAD8C1B09}
	EndGlobalSection
EndGlobal
