
Microsoft Visual Studio Solution File, Format Version 12.00
# Visual Studio 15
VisualStudioVersion = 15.0.27703.2000
MinimumVisualStudioVersion = 10.0.40219.1
Project("{FAE04EC0-301F-11D3-BF4B-00C04F79EFBC}") = "02-sum", "02-sum\02-sum.csproj", "{E10FB8E2-2D90-42DA-B86A-C08F55D66DA2}"
EndProject
Project("{FAE04EC0-301F-11D3-BF4B-00C04F79EFBC}") = "UnitTestProject1", "UnitTestProject1\UnitTestProject1.csproj", "{E68397E3-CC9F-4305-A564-5198859E1D01}"
EndProject
Global
	GlobalSection(SolutionConfigurationPlatforms) = preSolution
		Debug|Any CPU = Debug|Any CPU
		Release|Any CPU = Release|Any CPU
	EndGlobalSection
	GlobalSection(ProjectConfigurationPlatforms) = postSolution
		{E10FB8E2-2D90-42DA-B86A-C08F55D66DA2}.Debug|Any CPU.ActiveCfg = Debug|Any CPU
		{E10FB8E2-2D90-42DA-B86A-C08F55D66DA2}.Debug|Any CPU.Build.0 = Debug|Any CPU
		{E10FB8E2-2D90-42DA-B86A-C08F55D66DA2}.Release|Any CPU.ActiveCfg = Release|Any CPU
		{E10FB8E2-2D90-42DA-B86A-C08F55D66DA2}.Release|Any CPU.Build.0 = Release|Any CPU
		{E68397E3-CC9F-4305-A564-5198859E1D01}.Debug|Any CPU.ActiveCfg = Debug|Any CPU
		{E68397E3-CC9F-4305-A564-5198859E1D01}.Debug|Any CPU.Build.0 = Debug|Any CPU
		{E68397E3-CC9F-4305-A564-5198859E1D01}.Release|Any CPU.ActiveCfg = Release|Any CPU
		{E68397E3-CC9F-4305-A564-5198859E1D01}.Release|Any CPU.Build.0 = Release|Any CPU
	EndGlobalSection
	GlobalSection(SolutionProperties) = preSolution
		HideSolutionNode = FALSE
	EndGlobalSection
	GlobalSection(ExtensibilityGlobals) = postSolution
		SolutionGuid = {713714FE-8215-4DA6-BE48-7BBD5FC610BA}
	EndGlobalSection
EndGlobal
