
Microsoft Visual Studio Solution File, Format Version 12.00
# Visual Studio 15
VisualStudioVersion = 15.0.27703.2035
MinimumVisualStudioVersion = 10.0.40219.1
Project("{FAE04EC0-301F-11D3-BF4B-00C04F79EFBC}") = "Exam_Orientation_Macrotis", "Exam_Orientation_Macrotis\Exam_Orientation_Macrotis.csproj", "{59D2429C-EB08-4A3B-9F46-4097B407DD2A}"
EndProject
Global
	GlobalSection(SolutionConfigurationPlatforms) = preSolution
		Debug|Any CPU = Debug|Any CPU
		Release|Any CPU = Release|Any CPU
	EndGlobalSection
	GlobalSection(ProjectConfigurationPlatforms) = postSolution
		{59D2429C-EB08-4A3B-9F46-4097B407DD2A}.Debug|Any CPU.ActiveCfg = Debug|Any CPU
		{59D2429C-EB08-4A3B-9F46-4097B407DD2A}.Debug|Any CPU.Build.0 = Debug|Any CPU
		{59D2429C-EB08-4A3B-9F46-4097B407DD2A}.Release|Any CPU.ActiveCfg = Release|Any CPU
		{59D2429C-EB08-4A3B-9F46-4097B407DD2A}.Release|Any CPU.Build.0 = Release|Any CPU
	EndGlobalSection
	GlobalSection(SolutionProperties) = preSolution
		HideSolutionNode = FALSE
	EndGlobalSection
	GlobalSection(ExtensibilityGlobals) = postSolution
		SolutionGuid = {7807E1CD-477F-4B9F-8220-2A2BFB661506}
	EndGlobalSection
EndGlobal
